
Microsoft Visual Studio Solution File, Format Version 11.00
# Visual Studio 2010
Project("{FAE04EC0-301F-11D3-BF4B-00C04F79EFBC}") = "Assembly-CSharp", "Assembly-CSharp.csproj", "{fb858b24-762c-5adc-3a02-38a6dcc247ba}"
EndProject
Global
	GlobalSection(SolutionConfigurationPlatforms) = preSolution
		Debug|Any CPU = Debug|Any CPU
		Release|Any CPU = Release|Any CPU
	EndGlobalSection
	GlobalSection(ProjectConfigurationPlatforms) = postSolution
		{fb858b24-762c-5adc-3a02-38a6dcc247ba}.Debug|Any CPU.ActiveCfg = Debug|Any CPU
		{fb858b24-762c-5adc-3a02-38a6dcc247ba}.Debug|Any CPU.Build.0 = Debug|Any CPU
		{fb858b24-762c-5adc-3a02-38a6dcc247ba}.Release|Any CPU.ActiveCfg = Release|Any CPU
		{fb858b24-762c-5adc-3a02-38a6dcc247ba}.Release|Any CPU.Build.0 = Release|Any CPU
	EndGlobalSection
	GlobalSection(SolutionProperties) = preSolution
		HideSolutionNode = FALSE
	EndGlobalSection
EndGlobal
